
Microsoft Visual Studio Solution File, Format Version 12.00
# Visual Studio Version 17
VisualStudioVersion = 17.9.34728.123
MinimumVisualStudioVersion = 10.0.40219.1
Project("{FAE04EC0-301F-11D3-BF4B-00C04F79EFBC}") = "GunfireGauntlet", "GunfireGauntlet\GunfireGauntlet.csproj", "{CEC58754-B2CE-409B-A88F-DE15173EBB23}"
EndProject
Global
	GlobalSection(SolutionConfigurationPlatforms) = preSolution
		Debug|Any CPU = Debug|Any CPU
		Release|Any CPU = Release|Any CPU
	EndGlobalSection
	GlobalSection(ProjectConfigurationPlatforms) = postSolution
		{CEC58754-B2CE-409B-A88F-DE15173EBB23}.Debug|Any CPU.ActiveCfg = Debug|Any CPU
		{CEC58754-B2CE-409B-A88F-DE15173EBB23}.Debug|Any CPU.Build.0 = Debug|Any CPU
		{CEC58754-B2CE-409B-A88F-DE15173EBB23}.Release|Any CPU.ActiveCfg = Release|Any CPU
		{CEC58754-B2CE-409B-A88F-DE15173EBB23}.Release|Any CPU.Build.0 = Release|Any CPU
	EndGlobalSection
	GlobalSection(SolutionProperties) = preSolution
		HideSolutionNode = FALSE
	EndGlobalSection
	GlobalSection(ExtensibilityGlobals) = postSolution
		SolutionGuid = {3D52E7E0-EDF9-438B-B1C8-FF877F3E63C5}
	EndGlobalSection
EndGlobal
